
Microsoft Visual Studio Solution File, Format Version 12.00
# Visual Studio Version 17
VisualStudioVersion = 17.7.34221.43
MinimumVisualStudioVersion = 10.0.40219.1
Project("{FAE04EC0-301F-11D3-BF4B-00C04F79EFBC}") = "Rezervari", "Rezervari\Rezervari.csproj", "{89ACCE15-0692-4C71-AB73-61B24CC24E27}"
EndProject
Global
	GlobalSection(SolutionConfigurationPlatforms) = preSolution
		Debug|Any CPU = Debug|Any CPU
		Release|Any CPU = Release|Any CPU
	EndGlobalSection
	GlobalSection(ProjectConfigurationPlatforms) = postSolution
		{89ACCE15-0692-4C71-AB73-61B24CC24E27}.Debug|Any CPU.ActiveCfg = Debug|Any CPU
		{89ACCE15-0692-4C71-AB73-61B24CC24E27}.Debug|Any CPU.Build.0 = Debug|Any CPU
		{89ACCE15-0692-4C71-AB73-61B24CC24E27}.Release|Any CPU.ActiveCfg = Release|Any CPU
		{89ACCE15-0692-4C71-AB73-61B24CC24E27}.Release|Any CPU.Build.0 = Release|Any CPU
	EndGlobalSection
	GlobalSection(SolutionProperties) = preSolution
		HideSolutionNode = FALSE
	EndGlobalSection
	GlobalSection(ExtensibilityGlobals) = postSolution
		SolutionGuid = {187878A7-1754-409E-95E1-0F562A3D2484}
	EndGlobalSection
EndGlobal
